{
  "version": 4,
  "terraform_version": "1.10.5",
  "serial": 644,
  "lineage": "489819cf-e272-c235-4587-94f31b9e31f6",
  "outputs": {},
  "resources": [
    {
      "module": "module.lambda_function",
      "mode": "data",
      "type": "archive_file",
      "name": "lambda_package",
      "provider": "provider[\"registry.terraform.io/hashicorp/archive\"]",
      "instances": [
        {
          "schema_version": 0,
          "attributes": {
            "exclude_symlink_directories": null,
            "excludes": null,
            "id": "a4f5a9d7ed577ec887d7bc0e92e8a1bcfa3ac49f",
            "output_base64sha256": "T+s1ysTOdk2CHOyaPzWAo2OvftWlAfwMDQI19FFVHU4=",
            "output_base64sha512": "zoz/G+qVYFC3ckNHgSovjqfDd/LU9NDUaAsqxYjDQfBZ3dyHDOUEhGYwzWEw9QtIa+z4aRT1zlNRrh4CXLzZVA==",
            "output_file_mode": null,
            "output_md5": "0a4435d9bb7de8a652d124bcd3e3b4d9",
            "output_path": "modules/app/lambda.zip",
            "output_sha": "a4f5a9d7ed577ec887d7bc0e92e8a1bcfa3ac49f",
            "output_sha256": "4feb35cac4ce764d821cec9a3f3580a363af7ed5a501fc0c0d0235f451551d4e",
            "output_sha512": "ce8cff1bea956050b7724347812a2f8ea7c377f2d4f4d0d4680b2ac588c341f059dddc870ce504846630cd6130f50b486becf86914f5ce5351ae1e025cbcd954",
            "output_size": 75261191,
            "source": [],
            "source_content": null,
            "source_content_filename": null,
            "source_dir": "../local_build",
            "source_file": null,
            "type": "zip"
          },
          "sensitive_attributes": []
        }
      ]
    },
    {
      "module": "module.lambda_function",
      "mode": "data",
      "type": "archive_file",
      "name": "layer_package",
      "provider": "provider[\"registry.terraform.io/hashicorp/archive\"]",
      "instances": [
        {
          "schema_version": 0,
          "attributes": {
            "exclude_symlink_directories": null,
            "excludes": null,
            "id": "00016f9bc2e3a85a6ddfb5b4f2a0da74bcc8d28f",
            "output_base64sha256": "24kedyJoC8rzD2x7JLSqnzYuYSPA5bCMXXJq9CP4Kl8=",
            "output_base64sha512": "OpIg1D6WjtUFBh4TGbM9YRel5eXGOySW/MeR8qkS4UJ3wfiIvHTWSQd1BdxxbT7mr6MuwcGgLW8JxWwrdTRWFw==",
            "output_file_mode": null,
            "output_md5": "2de1c0d8c7a818c25332c67ff5758a12",
            "output_path": "modules/app/layer.zip",
            "output_sha": "00016f9bc2e3a85a6ddfb5b4f2a0da74bcc8d28f",
            "output_sha256": "db891e7722680bcaf30f6c7b24b4aa9f362e6123c0e5b08c5d726af423f82a5f",
            "output_sha512": "3a9220d43e968ed505061e1319b33d6117a5e5e5c63b2496fcc791f2a912e14277c1f888bc74d649077505dc716d3ee6afa32ec1c1a02d6f09c56c2b75345617",
            "output_size": 75260655,
            "source": [],
            "source_content": null,
            "source_content_filename": null,
            "source_dir": "../src/venv/lib/python3.12/site-packages",
            "source_file": null,
            "type": "zip"
          },
          "sensitive_attributes": []
        }
      ]
    },
    {
      "module": "module.lambda_function",
      "mode": "managed",
      "type": "aws_iam_role",
      "name": "this",
      "provider": "provider[\"registry.terraform.io/hashicorp/aws\"]",
      "instances": [
        {
          "schema_version": 0,
          "attributes": {
            "arn": "arn:aws:iam::552516487395:role/cicdFunctionTestRole",
            "assume_role_policy": "{\"Statement\":[{\"Action\":\"sts:AssumeRole\",\"Effect\":\"Allow\",\"Principal\":{\"Service\":\"lambda.amazonaws.com\"}}],\"Version\":\"2012-10-17\"}",
            "create_date": "2025-05-10T21:17:41Z",
            "description": "",
            "force_detach_policies": false,
            "id": "cicdFunctionTestRole",
            "inline_policy": [],
            "managed_policy_arns": [],
            "max_session_duration": 3600,
            "name": "cicdFunctionTestRole",
            "name_prefix": "",
            "path": "/",
            "permissions_boundary": "",
            "tags": null,
            "tags_all": {},
            "unique_id": "AROAYBJEMRDRUIOBDAVU2"
          },
          "sensitive_attributes": [],
          "private": "bnVsbA=="
        }
      ]
    },
    {
      "module": "module.lambda_function",
      "mode": "managed",
      "type": "aws_s3_bucket",
      "name": "layer_repository",
      "provider": "provider[\"registry.terraform.io/hashicorp/aws\"]",
      "instances": [
        {
          "schema_version": 0,
          "attributes": {
            "acceleration_status": "",
            "acl": null,
            "arn": "arn:aws:s3:::cicd-layer-repository",
            "bucket": "cicd-layer-repository",
            "bucket_domain_name": "cicd-layer-repository.s3.amazonaws.com",
            "bucket_prefix": "",
            "bucket_regional_domain_name": "cicd-layer-repository.s3.us-east-1.amazonaws.com",
            "cors_rule": [],
            "force_destroy": false,
            "grant": [
              {
                "id": "5bb41294d9aedbe7b28f43302df15084d21b75ec482a74e51741c55abc6bc94a",
                "permissions": [
                  "FULL_CONTROL"
                ],
                "type": "CanonicalUser",
                "uri": ""
              }
            ],
            "hosted_zone_id": "Z3AQBSTGFYJSTF",
            "id": "cicd-layer-repository",
            "lifecycle_rule": [],
            "logging": [],
            "object_lock_configuration": [],
            "object_lock_enabled": false,
            "policy": "",
            "region": "us-east-1",
            "replication_configuration": [],
            "request_payer": "BucketOwner",
            "server_side_encryption_configuration": [
              {
                "rule": [
                  {
                    "apply_server_side_encryption_by_default": [
                      {
                        "kms_master_key_id": "",
                        "sse_algorithm": "AES256"
                      }
                    ],
                    "bucket_key_enabled": false
                  }
                ]
              }
            ],
            "tags": null,
            "tags_all": {},
            "timeouts": null,
            "versioning": [
              {
                "enabled": false,
                "mfa_delete": false
              }
            ],
            "website": [],
            "website_domain": null,
            "website_endpoint": null
          },
          "sensitive_attributes": [],
          "private": "eyJlMmJmYjczMC1lY2FhLTExZTYtOGY4OC0zNDM2M2JjN2M0YzAiOnsiY3JlYXRlIjoxMjAwMDAwMDAwMDAwLCJkZWxldGUiOjM2MDAwMDAwMDAwMDAsInJlYWQiOjEyMDAwMDAwMDAwMDAsInVwZGF0ZSI6MTIwMDAwMDAwMDAwMH19"
        }
      ]
    }
  ],
  "check_results": null
}
