{
  "version": 4,
  "terraform_version": "1.10.5",
  "serial": 661,
  "lineage": "489819cf-e272-c235-4587-94f31b9e31f6",
  "outputs": {},
  "resources": [
    {
      "module": "module.cicd",
      "mode": "managed",
      "type": "aws_iam_role",
      "name": "build_role",
      "provider": "provider[\"registry.terraform.io/hashicorp/aws\"]",
      "instances": [
        {
          "schema_version": 0,
          "attributes": {
            "arn": "arn:aws:iam::552516487395:role/codebuild-cicd-role",
            "assume_role_policy": "{\"Statement\":[{\"Action\":\"sts:AssumeRole\",\"Effect\":\"Allow\",\"Principal\":{\"Service\":\"codebuild.amazonaws.com\"}}],\"Version\":\"2012-10-17\"}",
            "create_date": "2025-05-10T21:23:52Z",
            "description": "",
            "force_detach_policies": false,
            "id": "codebuild-cicd-role",
            "inline_policy": [],
            "managed_policy_arns": [],
            "max_session_duration": 3600,
            "name": "codebuild-cicd-role",
            "name_prefix": "",
            "path": "/",
            "permissions_boundary": "",
            "tags": null,
            "tags_all": {},
            "unique_id": "AROAYBJEMRDR2H3NS5M27"
          },
          "sensitive_attributes": [],
          "private": "bnVsbA=="
        }
      ]
    },
    {
      "module": "module.cicd",
      "mode": "managed",
      "type": "aws_iam_role",
      "name": "pipeline_role",
      "provider": "provider[\"registry.terraform.io/hashicorp/aws\"]",
      "instances": [
        {
          "schema_version": 0,
          "attributes": {
            "arn": "arn:aws:iam::552516487395:role/codepipeline-role",
            "assume_role_policy": "{\"Statement\":[{\"Action\":\"sts:AssumeRole\",\"Effect\":\"Allow\",\"Principal\":{\"Service\":\"codepipeline.amazonaws.com\"}}],\"Version\":\"2012-10-17\"}",
            "create_date": "2025-05-10T21:23:52Z",
            "description": "",
            "force_detach_policies": false,
            "id": "codepipeline-role",
            "inline_policy": [],
            "managed_policy_arns": [],
            "max_session_duration": 3600,
            "name": "codepipeline-role",
            "name_prefix": "",
            "path": "/",
            "permissions_boundary": "",
            "tags": null,
            "tags_all": {},
            "unique_id": "AROAYBJEMRDR7A272UYK5"
          },
          "sensitive_attributes": [],
          "private": "bnVsbA=="
        }
      ]
    },
    {
      "module": "module.cicd",
      "mode": "managed",
      "type": "aws_iam_role_policy",
      "name": "build_role_policy",
      "provider": "provider[\"registry.terraform.io/hashicorp/aws\"]",
      "instances": [
        {
          "schema_version": 0,
          "attributes": {
            "id": "codebuild-cicd-role:codebuild-lambda-cloudwatch-policy",
            "name": "codebuild-lambda-cloudwatch-policy",
            "name_prefix": "",
            "policy": "{\"Version\":\"2012-10-17\",\"Statement\":[{\"Action\":[\"lambda:*\",\"logs:CreateLogGroup\",\"logs:CreateLogStream\",\"logs:PutLogEvents\",\"s3:GetObject\",\"s3:GetObjectVersion\",\"s3:PutObject\",\"s3:GetBucketAcl\",\"s3:GetBucketLocation\"],\"Effect\":\"Allow\",\"Resource\":\"*\",\"Sid\":\"LambdaAndCloudWatchAccess\"}]}",
            "role": "codebuild-cicd-role"
          },
          "sensitive_attributes": [],
          "private": "bnVsbA==",
          "dependencies": [
            "module.cicd.aws_iam_role.build_role"
          ]
        }
      ]
    },
    {
      "module": "module.cicd",
      "mode": "managed",
      "type": "aws_iam_role_policy",
      "name": "pipeline_policy",
      "provider": "provider[\"registry.terraform.io/hashicorp/aws\"]",
      "instances": [
        {
          "schema_version": 0,
          "attributes": {
            "id": "codepipeline-role:codepipeline-policy",
            "name": "codepipeline-policy",
            "name_prefix": "",
            "policy": "{\"Version\":\"2012-10-17\",\"Statement\":[{\"Action\":[\"s3:*\",\"codebuild:*\",\"codedeploy:*\",\"iam:PassRole\",\"lambda:*\",\"codestar-connections:UseConnection\",\"codestar-connections:StartOAuthHandshake\",\"codestar-connections:GetInstallationUrl\",\"codestar-connections:GetConnection\"],\"Effect\":\"Allow\",\"Resource\":\"*\"}]}",
            "role": "codepipeline-role"
          },
          "sensitive_attributes": [],
          "private": "bnVsbA==",
          "dependencies": [
            "module.cicd.aws_iam_role.pipeline_role"
          ]
        }
      ]
    },
    {
      "module": "module.cicd",
      "mode": "managed",
      "type": "aws_s3_bucket",
      "name": "codepipeline_artifacts",
      "provider": "provider[\"registry.terraform.io/hashicorp/aws\"]",
      "instances": [
        {
          "schema_version": 0,
          "attributes": {
            "acceleration_status": "",
            "acl": null,
            "arn": "arn:aws:s3:::cicd-arctifact-test-arthur",
            "bucket": "cicd-arctifact-test-arthur",
            "bucket_domain_name": "cicd-arctifact-test-arthur.s3.amazonaws.com",
            "bucket_prefix": "",
            "bucket_regional_domain_name": "cicd-arctifact-test-arthur.s3.us-east-1.amazonaws.com",
            "cors_rule": [],
            "force_destroy": false,
            "grant": [
              {
                "id": "5bb41294d9aedbe7b28f43302df15084d21b75ec482a74e51741c55abc6bc94a",
                "permissions": [
                  "FULL_CONTROL"
                ],
                "type": "CanonicalUser",
                "uri": ""
              }
            ],
            "hosted_zone_id": "Z3AQBSTGFYJSTF",
            "id": "cicd-arctifact-test-arthur",
            "lifecycle_rule": [],
            "logging": [],
            "object_lock_configuration": [],
            "object_lock_enabled": false,
            "policy": "",
            "region": "us-east-1",
            "replication_configuration": [],
            "request_payer": "BucketOwner",
            "server_side_encryption_configuration": [
              {
                "rule": [
                  {
                    "apply_server_side_encryption_by_default": [
                      {
                        "kms_master_key_id": "",
                        "sse_algorithm": "AES256"
                      }
                    ],
                    "bucket_key_enabled": false
                  }
                ]
              }
            ],
            "tags": null,
            "tags_all": {},
            "timeouts": null,
            "versioning": [
              {
                "enabled": false,
                "mfa_delete": false
              }
            ],
            "website": [],
            "website_domain": null,
            "website_endpoint": null
          },
          "sensitive_attributes": [],
          "private": "eyJlMmJmYjczMC1lY2FhLTExZTYtOGY4OC0zNDM2M2JjN2M0YzAiOnsiY3JlYXRlIjoxMjAwMDAwMDAwMDAwLCJkZWxldGUiOjM2MDAwMDAwMDAwMDAsInJlYWQiOjEyMDAwMDAwMDAwMDAsInVwZGF0ZSI6MTIwMDAwMDAwMDAwMH19"
        }
      ]
    },
    {
      "module": "module.cicd",
      "mode": "managed",
      "type": "aws_s3_bucket_versioning",
      "name": "codepipeline_artifacts",
      "provider": "provider[\"registry.terraform.io/hashicorp/aws\"]",
      "instances": [
        {
          "schema_version": 0,
          "attributes": {
            "bucket": "cicd-arctifact-test-arthur",
            "expected_bucket_owner": "",
            "id": "cicd-arctifact-test-arthur",
            "mfa": null,
            "versioning_configuration": [
              {
                "mfa_delete": "",
                "status": "Enabled"
              }
            ]
          },
          "sensitive_attributes": [],
          "private": "bnVsbA==",
          "dependencies": [
            "module.cicd.aws_s3_bucket.codepipeline_artifacts"
          ]
        }
      ]
    },
    {
      "module": "module.lambda_function",
      "mode": "data",
      "type": "archive_file",
      "name": "lambda_package",
      "provider": "provider[\"registry.terraform.io/hashicorp/archive\"]",
      "instances": [
        {
          "schema_version": 0,
          "attributes": {
            "exclude_symlink_directories": null,
            "excludes": null,
            "id": "a4f5a9d7ed577ec887d7bc0e92e8a1bcfa3ac49f",
            "output_base64sha256": "T+s1ysTOdk2CHOyaPzWAo2OvftWlAfwMDQI19FFVHU4=",
            "output_base64sha512": "zoz/G+qVYFC3ckNHgSovjqfDd/LU9NDUaAsqxYjDQfBZ3dyHDOUEhGYwzWEw9QtIa+z4aRT1zlNRrh4CXLzZVA==",
            "output_file_mode": null,
            "output_md5": "0a4435d9bb7de8a652d124bcd3e3b4d9",
            "output_path": "modules/app/lambda.zip",
            "output_sha": "a4f5a9d7ed577ec887d7bc0e92e8a1bcfa3ac49f",
            "output_sha256": "4feb35cac4ce764d821cec9a3f3580a363af7ed5a501fc0c0d0235f451551d4e",
            "output_sha512": "ce8cff1bea956050b7724347812a2f8ea7c377f2d4f4d0d4680b2ac588c341f059dddc870ce504846630cd6130f50b486becf86914f5ce5351ae1e025cbcd954",
            "output_size": 75261191,
            "source": [],
            "source_content": null,
            "source_content_filename": null,
            "source_dir": "../local_build",
            "source_file": null,
            "type": "zip"
          },
          "sensitive_attributes": []
        }
      ]
    },
    {
      "module": "module.lambda_function",
      "mode": "data",
      "type": "archive_file",
      "name": "layer_package",
      "provider": "provider[\"registry.terraform.io/hashicorp/archive\"]",
      "instances": [
        {
          "schema_version": 0,
          "attributes": {
            "exclude_symlink_directories": null,
            "excludes": null,
            "id": "00016f9bc2e3a85a6ddfb5b4f2a0da74bcc8d28f",
            "output_base64sha256": "24kedyJoC8rzD2x7JLSqnzYuYSPA5bCMXXJq9CP4Kl8=",
            "output_base64sha512": "OpIg1D6WjtUFBh4TGbM9YRel5eXGOySW/MeR8qkS4UJ3wfiIvHTWSQd1BdxxbT7mr6MuwcGgLW8JxWwrdTRWFw==",
            "output_file_mode": null,
            "output_md5": "2de1c0d8c7a818c25332c67ff5758a12",
            "output_path": "modules/app/layer.zip",
            "output_sha": "00016f9bc2e3a85a6ddfb5b4f2a0da74bcc8d28f",
            "output_sha256": "db891e7722680bcaf30f6c7b24b4aa9f362e6123c0e5b08c5d726af423f82a5f",
            "output_sha512": "3a9220d43e968ed505061e1319b33d6117a5e5e5c63b2496fcc791f2a912e14277c1f888bc74d649077505dc716d3ee6afa32ec1c1a02d6f09c56c2b75345617",
            "output_size": 75260655,
            "source": [],
            "source_content": null,
            "source_content_filename": null,
            "source_dir": "../src/venv/lib/python3.12/site-packages",
            "source_file": null,
            "type": "zip"
          },
          "sensitive_attributes": []
        }
      ]
    },
    {
      "module": "module.lambda_function",
      "mode": "managed",
      "type": "aws_iam_role",
      "name": "this",
      "provider": "provider[\"registry.terraform.io/hashicorp/aws\"]",
      "instances": [
        {
          "schema_version": 0,
          "attributes": {
            "arn": "arn:aws:iam::552516487395:role/cicdFunctionTestRole",
            "assume_role_policy": "{\"Statement\":[{\"Action\":\"sts:AssumeRole\",\"Effect\":\"Allow\",\"Principal\":{\"Service\":\"lambda.amazonaws.com\"}}],\"Version\":\"2012-10-17\"}",
            "create_date": "2025-05-10T21:23:52Z",
            "description": "",
            "force_detach_policies": false,
            "id": "cicdFunctionTestRole",
            "inline_policy": [],
            "managed_policy_arns": [],
            "max_session_duration": 3600,
            "name": "cicdFunctionTestRole",
            "name_prefix": "",
            "path": "/",
            "permissions_boundary": "",
            "tags": null,
            "tags_all": {},
            "unique_id": "AROAYBJEMRDRSUGJNB4O4"
          },
          "sensitive_attributes": [],
          "private": "bnVsbA=="
        }
      ]
    },
    {
      "module": "module.lambda_function",
      "mode": "managed",
      "type": "aws_lambda_layer_version",
      "name": "this_layer",
      "provider": "provider[\"registry.terraform.io/hashicorp/aws\"]",
      "instances": [
        {
          "schema_version": 0,
          "attributes": {
            "arn": "arn:aws:lambda:us-east-1:552516487395:layer:cicdLayerLambda:20",
            "code_sha256": "24kedyJoC8rzD2x7JLSqnzYuYSPA5bCMXXJq9CP4Kl8=",
            "compatible_architectures": null,
            "compatible_runtimes": [
              "python3.11"
            ],
            "created_date": "2025-05-10T21:25:52.219+0000",
            "description": "",
            "filename": null,
            "id": "arn:aws:lambda:us-east-1:552516487395:layer:cicdLayerLambda:20",
            "layer_arn": "arn:aws:lambda:us-east-1:552516487395:layer:cicdLayerLambda",
            "layer_name": "cicdLayerLambda",
            "license_info": "",
            "s3_bucket": "cicd-layer-repository",
            "s3_key": "layers/python.zip",
            "s3_object_version": null,
            "signing_job_arn": "",
            "signing_profile_version_arn": "",
            "skip_destroy": false,
            "source_code_hash": "24kedyJoC8rzD2x7JLSqnzYuYSPA5bCMXXJq9CP4Kl8=",
            "source_code_size": 75260655,
            "version": "20"
          },
          "sensitive_attributes": [],
          "private": "bnVsbA==",
          "dependencies": [
            "module.lambda_function.aws_s3_bucket.layer_repository",
            "module.lambda_function.aws_s3_object.layer_zip",
            "module.lambda_function.data.archive_file.layer_package"
          ]
        }
      ]
    },
    {
      "module": "module.lambda_function",
      "mode": "managed",
      "type": "aws_s3_bucket",
      "name": "layer_repository",
      "provider": "provider[\"registry.terraform.io/hashicorp/aws\"]",
      "instances": [
        {
          "schema_version": 0,
          "attributes": {
            "acceleration_status": "",
            "acl": null,
            "arn": "arn:aws:s3:::cicd-layer-repository",
            "bucket": "cicd-layer-repository",
            "bucket_domain_name": "cicd-layer-repository.s3.amazonaws.com",
            "bucket_prefix": "",
            "bucket_regional_domain_name": "cicd-layer-repository.s3.us-east-1.amazonaws.com",
            "cors_rule": [],
            "force_destroy": false,
            "grant": [
              {
                "id": "5bb41294d9aedbe7b28f43302df15084d21b75ec482a74e51741c55abc6bc94a",
                "permissions": [
                  "FULL_CONTROL"
                ],
                "type": "CanonicalUser",
                "uri": ""
              }
            ],
            "hosted_zone_id": "Z3AQBSTGFYJSTF",
            "id": "cicd-layer-repository",
            "lifecycle_rule": [],
            "logging": [],
            "object_lock_configuration": [],
            "object_lock_enabled": false,
            "policy": "",
            "region": "us-east-1",
            "replication_configuration": [],
            "request_payer": "BucketOwner",
            "server_side_encryption_configuration": [
              {
                "rule": [
                  {
                    "apply_server_side_encryption_by_default": [
                      {
                        "kms_master_key_id": "",
                        "sse_algorithm": "AES256"
                      }
                    ],
                    "bucket_key_enabled": false
                  }
                ]
              }
            ],
            "tags": null,
            "tags_all": {},
            "timeouts": null,
            "versioning": [
              {
                "enabled": false,
                "mfa_delete": false
              }
            ],
            "website": [],
            "website_domain": null,
            "website_endpoint": null
          },
          "sensitive_attributes": [],
          "private": "eyJlMmJmYjczMC1lY2FhLTExZTYtOGY4OC0zNDM2M2JjN2M0YzAiOnsiY3JlYXRlIjoxMjAwMDAwMDAwMDAwLCJkZWxldGUiOjM2MDAwMDAwMDAwMDAsInJlYWQiOjEyMDAwMDAwMDAwMDAsInVwZGF0ZSI6MTIwMDAwMDAwMDAwMH19"
        }
      ]
    },
    {
      "module": "module.lambda_function",
      "mode": "managed",
      "type": "aws_s3_object",
      "name": "layer_zip",
      "provider": "provider[\"registry.terraform.io/hashicorp/aws\"]",
      "instances": [
        {
          "schema_version": 0,
          "attributes": {
            "acl": null,
            "arn": "arn:aws:s3:::cicd-layer-repository/layers/python.zip",
            "bucket": "cicd-layer-repository",
            "bucket_key_enabled": false,
            "cache_control": "",
            "checksum_algorithm": null,
            "checksum_crc32": "",
            "checksum_crc32c": "",
            "checksum_crc64nvme": "",
            "checksum_sha1": "",
            "checksum_sha256": "",
            "content": null,
            "content_base64": null,
            "content_disposition": "",
            "content_encoding": "",
            "content_language": "",
            "content_type": "binary/octet-stream",
            "etag": "3ccc5abed1ae1de958b7db7c6008e6ae-15",
            "force_destroy": false,
            "id": "layers/python.zip",
            "key": "layers/python.zip",
            "kms_key_id": null,
            "metadata": null,
            "object_lock_legal_hold_status": "",
            "object_lock_mode": "",
            "object_lock_retain_until_date": "",
            "override_provider": [],
            "server_side_encryption": "AES256",
            "source": "modules/app/layer.zip",
            "source_hash": null,
            "storage_class": "STANDARD",
            "tags": null,
            "tags_all": {},
            "version_id": "",
            "website_redirect": ""
          },
          "sensitive_attributes": [],
          "private": "bnVsbA==",
          "dependencies": [
            "module.lambda_function.aws_s3_bucket.layer_repository",
            "module.lambda_function.data.archive_file.layer_package"
          ]
        }
      ]
    }
  ],
  "check_results": null
}
